
Microsoft Visual Studio Solution File, Format Version 12.00
# Visual Studio Version 17
VisualStudioVersion = 17.2.32505.173
MinimumVisualStudioVersion = 10.0.40219.1
Project("{FAE04EC0-301F-11D3-BF4B-00C04F79EFBC}") = "MovieMVC", "MovieMVC\MovieMVC.csproj", "{1D2D9995-24CE-4E78-A1CE-E75E63CF87D3}"
EndProject
Global
	GlobalSection(SolutionConfigurationPlatforms) = preSolution
		Debug|Any CPU = Debug|Any CPU
		Release|Any CPU = Release|Any CPU
	EndGlobalSection
	GlobalSection(ProjectConfigurationPlatforms) = postSolution
		{1D2D9995-24CE-4E78-A1CE-E75E63CF87D3}.Debug|Any CPU.ActiveCfg = Debug|Any CPU
		{1D2D9995-24CE-4E78-A1CE-E75E63CF87D3}.Debug|Any CPU.Build.0 = Debug|Any CPU
		{1D2D9995-24CE-4E78-A1CE-E75E63CF87D3}.Release|Any CPU.ActiveCfg = Release|Any CPU
		{1D2D9995-24CE-4E78-A1CE-E75E63CF87D3}.Release|Any CPU.Build.0 = Release|Any CPU
	EndGlobalSection
	GlobalSection(SolutionProperties) = preSolution
		HideSolutionNode = FALSE
	EndGlobalSection
	GlobalSection(ExtensibilityGlobals) = postSolution
		SolutionGuid = {67474514-603E-4C82-8C56-2C3E90005A8F}
	EndGlobalSection
EndGlobal
